// !$*UTF8*$!
{
	archiveVersion = 1;
	classes = {
	};
	objectVersion = 56;
	objects = {

/* Begin PBXBuildFile section */
		04F5A2132C3D04670088ABBE /* AppDelegate.swift in Sources */ = {isa = PBXBuildFile; fileRef = 04F5A2122C3D04670088ABBE /* AppDelegate.swift */; };
		04F5A2152C3D04670088ABBE /* SceneDelegate.swift in Sources */ = {isa = PBXBuildFile; fileRef = 04F5A2142C3D04670088ABBE /* SceneDelegate.swift */; };
		04F5A2172C3D04670088ABBE /* ViewController.swift in Sources */ = {isa = PBXBuildFile; fileRef = 04F5A2162C3D04670088ABBE /* ViewController.swift */; };
		04F5A21A2C3D04670088ABBE /* Base in Resources */ = {isa = PBXBuildFile; fileRef = 04F5A2192C3D04670088ABBE /* Base */; };
		04F5A21D2C3D04670088ABBE /* WeProfile.xcdatamodeld in Sources */ = {isa = PBXBuildFile; fileRef = 04F5A21B2C3D04670088ABBE /* WeProfile.xcdatamodeld */; };
		04F5A21F2C3D04680088ABBE /* Assets.xcassets in Resources */ = {isa = PBXBuildFile; fileRef = 04F5A21E2C3D04680088ABBE /* Assets.xcassets */; };
		04F5A2222C3D04680088ABBE /* Base in Resources */ = {isa = PBXBuildFile; fileRef = 04F5A2212C3D04680088ABBE /* Base */; };
		04F5A22D2C3D04690088ABBE /* WeProfileTests.swift in Sources */ = {isa = PBXBuildFile; fileRef = 04F5A22C2C3D04690088ABBE /* WeProfileTests.swift */; };
		04F5A2372C3D04690088ABBE /* WeProfileUITests.swift in Sources */ = {isa = PBXBuildFile; fileRef = 04F5A2362C3D04690088ABBE /* WeProfileUITests.swift */; };
		04F5A2392C3D04690088ABBE /* WeProfileUITestsLaunchTests.swift in Sources */ = {isa = PBXBuildFile; fileRef = 04F5A2382C3D04690088ABBE /* WeProfileUITestsLaunchTests.swift */; };
/* End PBXBuildFile section */

/* Begin PBXContainerItemProxy section */
		04F5A2292C3D04690088ABBE /* PBXContainerItemProxy */ = {
			isa = PBXContainerItemProxy;
			containerPortal = 04F5A2072C3D04670088ABBE /* Project object */;
			proxyType = 1;
			remoteGlobalIDString = 04F5A20E2C3D04670088ABBE;
			remoteInfo = WeProfile;
		};
		04F5A2332C3D04690088ABBE /* PBXContainerItemProxy */ = {
			isa = PBXContainerItemProxy;
			containerPortal = 04F5A2072C3D04670088ABBE /* Project object */;
			proxyType = 1;
			remoteGlobalIDString = 04F5A20E2C3D04670088ABBE;
			remoteInfo = WeProfile;
		};
/* End PBXContainerItemProxy section */

/* Begin PBXFileReference section */
		04F5A20F2C3D04670088ABBE /* WeProfile.app */ = {isa = PBXFileReference; explicitFileType = wrapper.application; includeInIndex = 0; path = WeProfile.app; sourceTree = BUILT_PRODUCTS_DIR; };
		04F5A2122C3D04670088ABBE /* AppDelegate.swift */ = {isa = PBXFileReference; lastKnownFileType = sourcecode.swift; path = AppDelegate.swift; sourceTree = "<group>"; };
		04F5A2142C3D04670088ABBE /* SceneDelegate.swift */ = {isa = PBXFileReference; lastKnownFileType = sourcecode.swift; path = SceneDelegate.swift; sourceTree = "<group>"; };
		04F5A2162C3D04670088ABBE /* ViewController.swift */ = {isa = PBXFileReference; lastKnownFileType = sourcecode.swift; path = ViewController.swift; sourceTree = "<group>"; };
		04F5A2192C3D04670088ABBE /* Base */ = {isa = PBXFileReference; lastKnownFileType = file.storyboard; name = Base; path = Base.lproj/Main.storyboard; sourceTree = "<group>"; };
		04F5A21C2C3D04670088ABBE /* WeProfile.xcdatamodel */ = {isa = PBXFileReference; lastKnownFileType = wrapper.xcdatamodel; path = WeProfile.xcdatamodel; sourceTree = "<group>"; };
		04F5A21E2C3D04680088ABBE /* Assets.xcassets */ = {isa = PBXFileReference; lastKnownFileType = folder.assetcatalog; path = Assets.xcassets; sourceTree = "<group>"; };
		04F5A2212C3D04680088ABBE /* Base */ = {isa = PBXFileReference; lastKnownFileType = file.storyboard; name = Base; path = Base.lproj/LaunchScreen.storyboard; sourceTree = "<group>"; };
		04F5A2232C3D04680088ABBE /* Info.plist */ = {isa = PBXFileReference; lastKnownFileType = text.plist.xml; path = Info.plist; sourceTree = "<group>"; };
		04F5A2282C3D04690088ABBE /* WeProfileTests.xctest */ = {isa = PBXFileReference; explicitFileType = wrapper.cfbundle; includeInIndex = 0; path = WeProfileTests.xctest; sourceTree = BUILT_PRODUCTS_DIR; };
		04F5A22C2C3D04690088ABBE /* WeProfileTests.swift */ = {isa = PBXFileReference; lastKnownFileType = sourcecode.swift; path = WeProfileTests.swift; sourceTree = "<group>"; };
		04F5A2322C3D04690088ABBE /* WeProfileUITests.xctest */ = {isa = PBXFileReference; explicitFileType = wrapper.cfbundle; includeInIndex = 0; path = WeProfileUITests.xctest; sourceTree = BUILT_PRODUCTS_DIR; };
		04F5A2362C3D04690088ABBE /* WeProfileUITests.swift */ = {isa = PBXFileReference; lastKnownFileType = sourcecode.swift; path = WeProfileUITests.swift; sourceTree = "<group>"; };
		04F5A2382C3D04690088ABBE /* WeProfileUITestsLaunchTests.swift */ = {isa = PBXFileReference; lastKnownFileType = sourcecode.swift; path = WeProfileUITestsLaunchTests.swift; sourceTree = "<group>"; };
/* End PBXFileReference section */

/* Begin PBXFrameworksBuildPhase section */
		04F5A20C2C3D04670088ABBE /* Frameworks */ = {
			isa = PBXFrameworksBuildPhase;
			buildActionMask = 2147483647;
			files = (
			);
			runOnlyForDeploymentPostprocessing = 0;
		};
		04F5A2252C3D04690088ABBE /* Frameworks */ = {
			isa = PBXFrameworksBuildPhase;
			buildActionMask = 2147483647;
			files = (
			);
			runOnlyForDeploymentPostprocessing = 0;
		};
		04F5A22F2C3D04690088ABBE /* Frameworks */ = {
			isa = PBXFrameworksBuildPhase;
			buildActionMask = 2147483647;
			files = (
			);
			runOnlyForDeploymentPostprocessing = 0;
		};
/* End PBXFrameworksBuildPhase section */

/* Begin PBXGroup section */
		04F5A2062C3D04670088ABBE = {
			isa = PBXGroup;
			children = (
				04F5A2112C3D04670088ABBE /* WeProfile */,
				04F5A22B2C3D04690088ABBE /* WeProfileTests */,
				04F5A2352C3D04690088ABBE /* WeProfileUITests */,
				04F5A2102C3D04670088ABBE /* Products */,
			);
			sourceTree = "<group>";
		};
		04F5A2102C3D04670088ABBE /* Products */ = {
			isa = PBXGroup;
			children = (
				04F5A20F2C3D04670088ABBE /* WeProfile.app */,
				04F5A2282C3D04690088ABBE /* WeProfileTests.xctest */,
				04F5A2322C3D04690088ABBE /* WeProfileUITests.xctest */,
			);
			name = Products;
			sourceTree = "<group>";
		};
		04F5A2112C3D04670088ABBE /* WeProfile */ = {
			isa = PBXGroup;
			children = (
				04F5A2122C3D04670088ABBE /* AppDelegate.swift */,
				04F5A2142C3D04670088ABBE /* SceneDelegate.swift */,
				04F5A2162C3D04670088ABBE /* ViewController.swift */,
				04F5A2182C3D04670088ABBE /* Main.storyboard */,
				04F5A21E2C3D04680088ABBE /* Assets.xcassets */,
				04F5A2202C3D04680088ABBE /* LaunchScreen.storyboard */,
				04F5A2232C3D04680088ABBE /* Info.plist */,
				04F5A21B2C3D04670088ABBE /* WeProfile.xcdatamodeld */,
			);
			path = WeProfile;
			sourceTree = "<group>";
		};
		04F5A22B2C3D04690088ABBE /* WeProfileTests */ = {
			isa = PBXGroup;
			children = (
				04F5A22C2C3D04690088ABBE /* WeProfileTests.swift */,
			);
			path = WeProfileTests;
			sourceTree = "<group>";
		};
		04F5A2352C3D04690088ABBE /* WeProfileUITests */ = {
			isa = PBXGroup;
			children = (
				04F5A2362C3D04690088ABBE /* WeProfileUITests.swift */,
				04F5A2382C3D04690088ABBE /* WeProfileUITestsLaunchTests.swift */,
			);
			path = WeProfileUITests;
			sourceTree = "<group>";
		};
/* End PBXGroup section */

/* Begin PBXNativeTarget section */
		04F5A20E2C3D04670088ABBE /* WeProfile */ = {
			isa = PBXNativeTarget;
			buildConfigurationList = 04F5A23C2C3D04690088ABBE /* Build configuration list for PBXNativeTarget "WeProfile" */;
			buildPhases = (
				04F5A20B2C3D04670088ABBE /* Sources */,
				04F5A20C2C3D04670088ABBE /* Frameworks */,
				04F5A20D2C3D04670088ABBE /* Resources */,
			);
			buildRules = (
			);
			dependencies = (
			);
			name = WeProfile;
			productName = WeProfile;
			productReference = 04F5A20F2C3D04670088ABBE /* WeProfile.app */;
			productType = "com.apple.product-type.application";
		};
		04F5A2272C3D04690088ABBE /* WeProfileTests */ = {
			isa = PBXNativeTarget;
			buildConfigurationList = 04F5A23F2C3D04690088ABBE /* Build configuration list for PBXNativeTarget "WeProfileTests" */;
			buildPhases = (
				04F5A2242C3D04690088ABBE /* Sources */,
				04F5A2252C3D04690088ABBE /* Frameworks */,
				04F5A2262C3D04690088ABBE /* Resources */,
			);
			buildRules = (
			);
			dependencies = (
				04F5A22A2C3D04690088ABBE /* PBXTargetDependency */,
			);
			name = WeProfileTests;
			productName = WeProfileTests;
			productReference = 04F5A2282C3D04690088ABBE /* WeProfileTests.xctest */;
			productType = "com.apple.product-type.bundle.unit-test";
		};
		04F5A2312C3D04690088ABBE /* WeProfileUITests */ = {
			isa = PBXNativeTarget;
			buildConfigurationList = 04F5A2422C3D04690088ABBE /* Build configuration list for PBXNativeTarget "WeProfileUITests" */;
			buildPhases = (
				04F5A22E2C3D04690088ABBE /* Sources */,
				04F5A22F2C3D04690088ABBE /* Frameworks */,
				04F5A2302C3D04690088ABBE /* Resources */,
			);
			buildRules = (
			);
			dependencies = (
				04F5A2342C3D04690088ABBE /* PBXTargetDependency */,
			);
			name = WeProfileUITests;
			productName = WeProfileUITests;
			productReference = 04F5A2322C3D04690088ABBE /* WeProfileUITests.xctest */;
			productType = "com.apple.product-type.bundle.ui-testing";
		};
/* End PBXNativeTarget section */

/* Begin PBXProject section */
		04F5A2072C3D04670088ABBE /* Project object */ = {
			isa = PBXProject;
			attributes = {
				BuildIndependentTargetsInParallel = 1;
				LastSwiftUpdateCheck = 1540;
				LastUpgradeCheck = 1540;
				TargetAttributes = {
					04F5A20E2C3D04670088ABBE = {
						CreatedOnToolsVersion = 15.4;
					};
					04F5A2272C3D04690088ABBE = {
						CreatedOnToolsVersion = 15.4;
						TestTargetID = 04F5A20E2C3D04670088ABBE;
					};
					04F5A2312C3D04690088ABBE = {
						CreatedOnToolsVersion = 15.4;
						TestTargetID = 04F5A20E2C3D04670088ABBE;
					};
				};
			};
			buildConfigurationList = 04F5A20A2C3D04670088ABBE /* Build configuration list for PBXProject "WeProfile" */;
			compatibilityVersion = "Xcode 14.0";
			developmentRegion = en;
			hasScannedForEncodings = 0;
			knownRegions = (
				en,
				Base,
			);
			mainGroup = 04F5A2062C3D04670088ABBE;
			productRefGroup = 04F5A2102C3D04670088ABBE /* Products */;
			projectDirPath = "";
			projectRoot = "";
			targets = (
				04F5A20E2C3D04670088ABBE /* WeProfile */,
				04F5A2272C3D04690088ABBE /* WeProfileTests */,
				04F5A2312C3D04690088ABBE /* WeProfileUITests */,
			);
		};
/* End PBXProject section */

/* Begin PBXResourcesBuildPhase section */
		04F5A20D2C3D04670088ABBE /* Resources */ = {
			isa = PBXResourcesBuildPhase;
			buildActionMask = 2147483647;
			files = (
				04F5A21F2C3D04680088ABBE /* Assets.xcassets in Resources */,
				04F5A2222C3D04680088ABBE /* Base in Resources */,
				04F5A21A2C3D04670088ABBE /* Base in Resources */,
			);
			runOnlyForDeploymentPostprocessing = 0;
		};
		04F5A2262C3D04690088ABBE /* Resources */ = {
			isa = PBXResourcesBuildPhase;
			buildActionMask = 2147483647;
			files = (
			);
			runOnlyForDeploymentPostprocessing = 0;
		};
		04F5A2302C3D04690088ABBE /* Resources */ = {
			isa = PBXResourcesBuildPhase;
			buildActionMask = 2147483647;
			files = (
			);
			runOnlyForDeploymentPostprocessing = 0;
		};
/* End PBXResourcesBuildPhase section */

/* Begin PBXSourcesBuildPhase section */
		04F5A20B2C3D04670088ABBE /* Sources */ = {
			isa = PBXSourcesBuildPhase;
			buildActionMask = 2147483647;
			files = (
				04F5A2172C3D04670088ABBE /* ViewController.swift in Sources */,
				04F5A2132C3D04670088ABBE /* AppDelegate.swift in Sources */,
				04F5A2152C3D04670088ABBE /* SceneDelegate.swift in Sources */,
				04F5A21D2C3D04670088ABBE /* WeProfile.xcdatamodeld in Sources */,
			);
			runOnlyForDeploymentPostprocessing = 0;
		};
		04F5A2242C3D04690088ABBE /* Sources */ = {
			isa = PBXSourcesBuildPhase;
			buildActionMask = 2147483647;
			files = (
				04F5A22D2C3D04690088ABBE /* WeProfileTests.swift in Sources */,
			);
			runOnlyForDeploymentPostprocessing = 0;
		};
		04F5A22E2C3D04690088ABBE /* Sources */ = {
			isa = PBXSourcesBuildPhase;
			buildActionMask = 2147483647;
			files = (
				04F5A2392C3D04690088ABBE /* WeProfileUITestsLaunchTests.swift in Sources */,
				04F5A2372C3D04690088ABBE /* WeProfileUITests.swift in Sources */,
			);
			runOnlyForDeploymentPostprocessing = 0;
		};
/* End PBXSourcesBuildPhase section */

/* Begin PBXTargetDependency section */
		04F5A22A2C3D04690088ABBE /* PBXTargetDependency */ = {
			isa = PBXTargetDependency;
			target = 04F5A20E2C3D04670088ABBE /* WeProfile */;
			targetProxy = 04F5A2292C3D04690088ABBE /* PBXContainerItemProxy */;
		};
		04F5A2342C3D04690088ABBE /* PBXTargetDependency */ = {
			isa = PBXTargetDependency;
			target = 04F5A20E2C3D04670088ABBE /* WeProfile */;
			targetProxy = 04F5A2332C3D04690088ABBE /* PBXContainerItemProxy */;
		};
/* End PBXTargetDependency section */

/* Begin PBXVariantGroup section */
		04F5A2182C3D04670088ABBE /* Main.storyboard */ = {
			isa = PBXVariantGroup;
			children = (
				04F5A2192C3D04670088ABBE /* Base */,
			);
			name = Main.storyboard;
			sourceTree = "<group>";
		};
		04F5A2202C3D04680088ABBE /* LaunchScreen.storyboard */ = {
			isa = PBXVariantGroup;
			children = (
				04F5A2212C3D04680088ABBE /* Base */,
			);
			name = LaunchScreen.storyboard;
			sourceTree = "<group>";
		};
/* End PBXVariantGroup section */

/* Begin XCBuildConfiguration section */
		04F5A23A2C3D04690088ABBE /* Debug */ = {
			isa = XCBuildConfiguration;
			buildSettings = {
				ALWAYS_SEARCH_USER_PATHS = NO;
				ASSETCATALOG_COMPILER_GENERATE_SWIFT_ASSET_SYMBOL_EXTENSIONS = YES;
				CLANG_ANALYZER_NONNULL = YES;
				CLANG_ANALYZER_NUMBER_OBJECT_CONVERSION = YES_AGGRESSIVE;
				CLANG_CXX_LANGUAGE_STANDARD = "gnu++20";
				CLANG_ENABLE_MODULES = YES;
				CLANG_ENABLE_OBJC_ARC = YES;
				CLANG_ENABLE_OBJC_WEAK = YES;
				CLANG_WARN_BLOCK_CAPTURE_AUTORELEASING = YES;
				CLANG_WARN_BOOL_CONVERSION = YES;
				CLANG_WARN_COMMA = YES;
				CLANG_WARN_CONSTANT_CONVERSION = YES;
				CLANG_WARN_DEPRECATED_OBJC_IMPLEMENTATIONS = YES;
				CLANG_WARN_DIRECT_OBJC_ISA_USAGE = YES_ERROR;
				CLANG_WARN_DOCUMENTATION_COMMENTS = YES;
				CLANG_WARN_EMPTY_BODY = YES;
				CLANG_WARN_ENUM_CONVERSION = YES;
				CLANG_WARN_INFINITE_RECURSION = YES;
				CLANG_WARN_INT_CONVERSION = YES;
				CLANG_WARN_NON_LITERAL_NULL_CONVERSION = YES;
				CLANG_WARN_OBJC_IMPLICIT_RETAIN_SELF = YES;
				CLANG_WARN_OBJC_LITERAL_CONVERSION = YES;
				CLANG_WARN_OBJC_ROOT_CLASS = YES_ERROR;
				CLANG_WARN_QUOTED_INCLUDE_IN_FRAMEWORK_HEADER = YES;
				CLANG_WARN_RANGE_LOOP_ANALYSIS = YES;
				CLANG_WARN_STRICT_PROTOTYPES = YES;
				CLANG_WARN_SUSPICIOUS_MOVE = YES;
				CLANG_WARN_UNGUARDED_AVAILABILITY = YES_AGGRESSIVE;
				CLANG_WARN_UNREACHABLE_CODE = YES;
				CLANG_WARN__DUPLICATE_METHOD_MATCH = YES;
				COPY_PHASE_STRIP = NO;
				DEBUG_INFORMATION_FORMAT = dwarf;
				ENABLE_STRICT_OBJC_MSGSEND = YES;
				ENABLE_TESTABILITY = YES;
				ENABLE_USER_SCRIPT_SANDBOXING = YES;
				GCC_C_LANGUAGE_STANDARD = gnu17;
				GCC_DYNAMIC_NO_PIC = NO;
				GCC_NO_COMMON_BLOCKS = YES;
				GCC_OPTIMIZATION_LEVEL = 0;
				GCC_PREPROCESSOR_DEFINITIONS = (
					"DEBUG=1",
					"$(inherited)",
				);
				GCC_WARN_64_TO_32_BIT_CONVERSION = YES;
				GCC_WARN_ABOUT_RETURN_TYPE = YES_ERROR;
				GCC_WARN_UNDECLARED_SELECTOR = YES;
				GCC_WARN_UNINITIALIZED_AUTOS = YES_AGGRESSIVE;
				GCC_WARN_UNUSED_FUNCTION = YES;
				GCC_WARN_UNUSED_VARIABLE = YES;
				IPHONEOS_DEPLOYMENT_TARGET = 17.5;
				LOCALIZATION_PREFERS_STRING_CATALOGS = YES;
				MTL_ENABLE_DEBUG_INFO = INCLUDE_SOURCE;
				MTL_FAST_MATH = YES;
				ONLY_ACTIVE_ARCH = YES;
				SDKROOT = iphoneos;
				SWIFT_ACTIVE_COMPILATION_CONDITIONS = "DEBUG $(inherited)";
				SWIFT_OPTIMIZATION_LEVEL = "-Onone";
			};
			name = Debug;
		};
		04F5A23B2C3D04690088ABBE /* Release */ = {
			isa = XCBuildConfiguration;
			buildSettings = {
				ALWAYS_SEARCH_USER_PATHS = NO;
				ASSETCATALOG_COMPILER_GENERATE_SWIFT_ASSET_SYMBOL_EXTENSIONS = YES;
				CLANG_ANALYZER_NONNULL = YES;
				CLANG_ANALYZER_NUMBER_OBJECT_CONVERSION = YES_AGGRESSIVE;
				CLANG_CXX_LANGUAGE_STANDARD = "gnu++20";
				CLANG_ENABLE_MODULES = YES;
				CLANG_ENABLE_OBJC_ARC = YES;
				CLANG_ENABLE_OBJC_WEAK = YES;
				CLANG_WARN_BLOCK_CAPTURE_AUTORELEASING = YES;
				CLANG_WARN_BOOL_CONVERSION = YES;
				CLANG_WARN_COMMA = YES;
				CLANG_WARN_CONSTANT_CONVERSION = YES;
				CLANG_WARN_DEPRECATED_OBJC_IMPLEMENTATIONS = YES;
				CLANG_WARN_DIRECT_OBJC_ISA_USAGE = YES_ERROR;
				CLANG_WARN_DOCUMENTATION_COMMENTS = YES;
				CLANG_WARN_EMPTY_BODY = YES;
				CLANG_WARN_ENUM_CONVERSION = YES;
				CLANG_WARN_INFINITE_RECURSION = YES;
				CLANG_WARN_INT_CONVERSION = YES;
				CLANG_WARN_NON_LITERAL_NULL_CONVERSION = YES;
				CLANG_WARN_OBJC_IMPLICIT_RETAIN_SELF = YES;
				CLANG_WARN_OBJC_LITERAL_CONVERSION = YES;
				CLANG_WARN_OBJC_ROOT_CLASS = YES_ERROR;
				CLANG_WARN_QUOTED_INCLUDE_IN_FRAMEWORK_HEADER = YES;
				CLANG_WARN_RANGE_LOOP_ANALYSIS = YES;
				CLANG_WARN_STRICT_PROTOTYPES = YES;
				CLANG_WARN_SUSPICIOUS_MOVE = YES;
				CLANG_WARN_UNGUARDED_AVAILABILITY = YES_AGGRESSIVE;
				CLANG_WARN_UNREACHABLE_CODE = YES;
				CLANG_WARN__DUPLICATE_METHOD_MATCH = YES;
				COPY_PHASE_STRIP = NO;
				DEBUG_INFORMATION_FORMAT = "dwarf-with-dsym";
				ENABLE_NS_ASSERTIONS = NO;
				ENABLE_STRICT_OBJC_MSGSEND = YES;
				ENABLE_USER_SCRIPT_SANDBOXING = YES;
				GCC_C_LANGUAGE_STANDARD = gnu17;
				GCC_NO_COMMON_BLOCKS = YES;
				GCC_WARN_64_TO_32_BIT_CONVERSION = YES;
				GCC_WARN_ABOUT_RETURN_TYPE = YES_ERROR;
				GCC_WARN_UNDECLARED_SELECTOR = YES;
				GCC_WARN_UNINITIALIZED_AUTOS = YES_AGGRESSIVE;
				GCC_WARN_UNUSED_FUNCTION = YES;
				GCC_WARN_UNUSED_VARIABLE = YES;
				IPHONEOS_DEPLOYMENT_TARGET = 17.5;
				LOCALIZATION_PREFERS_STRING_CATALOGS = YES;
				MTL_ENABLE_DEBUG_INFO = NO;
				MTL_FAST_MATH = YES;
				SDKROOT = iphoneos;
				SWIFT_COMPILATION_MODE = wholemodule;
				VALIDATE_PRODUCT = YES;
			};
			name = Release;
		};
		04F5A23D2C3D04690088ABBE /* Debug */ = {
			isa = XCBuildConfiguration;
			buildSettings = {
				ASSETCATALOG_COMPILER_APPICON_NAME = AppIcon;
				ASSETCATALOG_COMPILER_GLOBAL_ACCENT_COLOR_NAME = AccentColor;
				CODE_SIGN_STYLE = Automatic;
				CURRENT_PROJECT_VERSION = 1;
				GENERATE_INFOPLIST_FILE = YES;
				INFOPLIST_FILE = WeProfile/Info.plist;
				INFOPLIST_KEY_UIApplicationSupportsIndirectInputEvents = YES;
				INFOPLIST_KEY_UILaunchStoryboardName = LaunchScreen;
				INFOPLIST_KEY_UIMainStoryboardFile = Main;
				INFOPLIST_KEY_UISupportedInterfaceOrientations_iPad = "UIInterfaceOrientationPortrait UIInterfaceOrientationPortraitUpsideDown UIInterfaceOrientationLandscapeLeft UIInterfaceOrientationLandscapeRight";
				INFOPLIST_KEY_UISupportedInterfaceOrientations_iPhone = "UIInterfaceOrientationPortrait UIInterfaceOrientationLandscapeLeft UIInterfaceOrientationLandscapeRight";
				LD_RUNPATH_SEARCH_PATHS = (
					"$(inherited)",
					"@executable_path/Frameworks",
				);
				MARKETING_VERSION = 1.0;
				PRODUCT_BUNDLE_IDENTIFIER = com.test.WeProfile;
				PRODUCT_NAME = "$(TARGET_NAME)";
				SWIFT_EMIT_LOC_STRINGS = YES;
				SWIFT_VERSION = 5.0;
				TARGETED_DEVICE_FAMILY = "1,2";
			};
			name = Debug;
		};
		04F5A23E2C3D04690088ABBE /* Release */ = {
			isa = XCBuildConfiguration;
			buildSettings = {
				ASSETCATALOG_COMPILER_APPICON_NAME = AppIcon;
				ASSETCATALOG_COMPILER_GLOBAL_ACCENT_COLOR_NAME = AccentColor;
				CODE_SIGN_STYLE = Automatic;
				CURRENT_PROJECT_VERSION = 1;
				GENERATE_INFOPLIST_FILE = YES;
				INFOPLIST_FILE = WeProfile/Info.plist;
				INFOPLIST_KEY_UIApplicationSupportsIndirectInputEvents = YES;
				INFOPLIST_KEY_UILaunchStoryboardName = LaunchScreen;
				INFOPLIST_KEY_UIMainStoryboardFile = Main;
				INFOPLIST_KEY_UISupportedInterfaceOrientations_iPad = "UIInterfaceOrientationPortrait UIInterfaceOrientationPortraitUpsideDown UIInterfaceOrientationLandscapeLeft UIInterfaceOrientationLandscapeRight";
				INFOPLIST_KEY_UISupportedInterfaceOrientations_iPhone = "UIInterfaceOrientationPortrait UIInterfaceOrientationLandscapeLeft UIInterfaceOrientationLandscapeRight";
				LD_RUNPATH_SEARCH_PATHS = (
					"$(inherited)",
					"@executable_path/Frameworks",
				);
				MARKETING_VERSION = 1.0;
				PRODUCT_BUNDLE_IDENTIFIER = com.test.WeProfile;
				PRODUCT_NAME = "$(TARGET_NAME)";
				SWIFT_EMIT_LOC_STRINGS = YES;
				SWIFT_VERSION = 5.0;
				TARGETED_DEVICE_FAMILY = "1,2";
			};
			name = Release;
		};
		04F5A2402C3D04690088ABBE /* Debug */ = {
			isa = XCBuildConfiguration;
			buildSettings = {
				ALWAYS_EMBED_SWIFT_STANDARD_LIBRARIES = YES;
				BUNDLE_LOADER = "$(TEST_HOST)";
				CODE_SIGN_STYLE = Automatic;
				CURRENT_PROJECT_VERSION = 1;
				GENERATE_INFOPLIST_FILE = YES;
				IPHONEOS_DEPLOYMENT_TARGET = 17.5;
				MARKETING_VERSION = 1.0;
				PRODUCT_BUNDLE_IDENTIFIER = com.test.WeProfileTests;
				PRODUCT_NAME = "$(TARGET_NAME)";
				SWIFT_EMIT_LOC_STRINGS = NO;
				SWIFT_VERSION = 5.0;
				TARGETED_DEVICE_FAMILY = "1,2";
				TEST_HOST = "$(BUILT_PRODUCTS_DIR)/WeProfile.app/$(BUNDLE_EXECUTABLE_FOLDER_PATH)/WeProfile";
			};
			name = Debug;
		};
		04F5A2412C3D04690088ABBE /* Release */ = {
			isa = XCBuildConfiguration;
			buildSettings = {
				ALWAYS_EMBED_SWIFT_STANDARD_LIBRARIES = YES;
				BUNDLE_LOADER = "$(TEST_HOST)";
				CODE_SIGN_STYLE = Automatic;
				CURRENT_PROJECT_VERSION = 1;
				GENERATE_INFOPLIST_FILE = YES;
				IPHONEOS_DEPLOYMENT_TARGET = 17.5;
				MARKETING_VERSION = 1.0;
				PRODUCT_BUNDLE_IDENTIFIER = com.test.WeProfileTests;
				PRODUCT_NAME = "$(TARGET_NAME)";
				SWIFT_EMIT_LOC_STRINGS = NO;
				SWIFT_VERSION = 5.0;
				TARGETED_DEVICE_FAMILY = "1,2";
				TEST_HOST = "$(BUILT_PRODUCTS_DIR)/WeProfile.app/$(BUNDLE_EXECUTABLE_FOLDER_PATH)/WeProfile";
			};
			name = Release;
		};
		04F5A2432C3D04690088ABBE /* Debug */ = {
			isa = XCBuildConfiguration;
			buildSettings = {
				ALWAYS_EMBED_SWIFT_STANDARD_LIBRARIES = YES;
				CODE_SIGN_STYLE = Automatic;
				CURRENT_PROJECT_VERSION = 1;
				GENERATE_INFOPLIST_FILE = YES;
				MARKETING_VERSION = 1.0;
				PRODUCT_BUNDLE_IDENTIFIER = com.test.WeProfileUITests;
				PRODUCT_NAME = "$(TARGET_NAME)";
				SWIFT_EMIT_LOC_STRINGS = NO;
				SWIFT_VERSION = 5.0;
				TARGETED_DEVICE_FAMILY = "1,2";
				TEST_TARGET_NAME = WeProfile;
			};
			name = Debug;
		};
		04F5A2442C3D04690088ABBE /* Release */ = {
			isa = XCBuildConfiguration;
			buildSettings = {
				ALWAYS_EMBED_SWIFT_STANDARD_LIBRARIES = YES;
				CODE_SIGN_STYLE = Automatic;
				CURRENT_PROJECT_VERSION = 1;
				GENERATE_INFOPLIST_FILE = YES;
				MARKETING_VERSION = 1.0;
				PRODUCT_BUNDLE_IDENTIFIER = com.test.WeProfileUITests;
				PRODUCT_NAME = "$(TARGET_NAME)";
				SWIFT_EMIT_LOC_STRINGS = NO;
				SWIFT_VERSION = 5.0;
				TARGETED_DEVICE_FAMILY = "1,2";
				TEST_TARGET_NAME = WeProfile;
			};
			name = Release;
		};
/* End XCBuildConfiguration section */

/* Begin XCConfigurationList section */
		04F5A20A2C3D04670088ABBE /* Build configuration list for PBXProject "WeProfile" */ = {
			isa = XCConfigurationList;
			buildConfigurations = (
				04F5A23A2C3D04690088ABBE /* Debug */,
				04F5A23B2C3D04690088ABBE /* Release */,
			);
			defaultConfigurationIsVisible = 0;
			defaultConfigurationName = Release;
		};
		04F5A23C2C3D04690088ABBE /* Build configuration list for PBXNativeTarget "WeProfile" */ = {
			isa = XCConfigurationList;
			buildConfigurations = (
				04F5A23D2C3D04690088ABBE /* Debug */,
				04F5A23E2C3D04690088ABBE /* Release */,
			);
			defaultConfigurationIsVisible = 0;
			defaultConfigurationName = Release;
		};
		04F5A23F2C3D04690088ABBE /* Build configuration list for PBXNativeTarget "WeProfileTests" */ = {
			isa = XCConfigurationList;
			buildConfigurations = (
				04F5A2402C3D04690088ABBE /* Debug */,
				04F5A2412C3D04690088ABBE /* Release */,
			);
			defaultConfigurationIsVisible = 0;
			defaultConfigurationName = Release;
		};
		04F5A2422C3D04690088ABBE /* Build configuration list for PBXNativeTarget "WeProfileUITests" */ = {
			isa = XCConfigurationList;
			buildConfigurations = (
				04F5A2432C3D04690088ABBE /* Debug */,
				04F5A2442C3D04690088ABBE /* Release */,
			);
			defaultConfigurationIsVisible = 0;
			defaultConfigurationName = Release;
		};
/* End XCConfigurationList section */

/* Begin XCVersionGroup section */
		04F5A21B2C3D04670088ABBE /* WeProfile.xcdatamodeld */ = {
			isa = XCVersionGroup;
			children = (
				04F5A21C2C3D04670088ABBE /* WeProfile.xcdatamodel */,
			);
			currentVersion = 04F5A21C2C3D04670088ABBE /* WeProfile.xcdatamodel */;
			path = WeProfile.xcdatamodeld;
			sourceTree = "<group>";
			versionGroupType = wrapper.xcdatamodel;
		};
/* End XCVersionGroup section */
	};
	rootObject = 04F5A2072C3D04670088ABBE /* Project object */;
}
